// !$*UTF8*$!
{
	archiveVersion = 1;
	classes = {
	};
	objectVersion = 50;
	objects = {

/* Begin PBXBuildFile section */
		D2A998422638549E006DFE48 /* ClassroomApp.swift in Sources */ = {isa = PBXBuildFile; fileRef = D2A998412638549E006DFE48 /* ClassroomApp.swift */; };
		D2A998442638549E006DFE48 /* ContentView.swift in Sources */ = {isa = PBXBuildFile; fileRef = D2A998432638549E006DFE48 /* ContentView.swift */; };
		D2A99846263854A1006DFE48 /* Assets.xcassets in Resources */ = {isa = PBXBuildFile; fileRef = D2A99845263854A1006DFE48 /* Assets.xcassets */; };
		D2A99849263854A1006DFE48 /* Preview Assets.xcassets in Resources */ = {isa = PBXBuildFile; fileRef = D2A99848263854A1006DFE48 /* Preview Assets.xcassets */; };
		D2A99854263854A1006DFE48 /* ClassroomTests.swift in Sources */ = {isa = PBXBuildFile; fileRef = D2A99853263854A1006DFE48 /* ClassroomTests.swift */; };
		D2A9985F263854A1006DFE48 /* ClassroomUITests.swift in Sources */ = {isa = PBXBuildFile; fileRef = D2A9985E263854A1006DFE48 /* ClassroomUITests.swift */; };
/* End PBXBuildFile section */

/* Begin PBXContainerItemProxy section */
		D2A99850263854A1006DFE48 /* PBXContainerItemProxy */ = {
			isa = PBXContainerItemProxy;
			containerPortal = D2A998362638549E006DFE48 /* Project object */;
			proxyType = 1;
			remoteGlobalIDString = D2A9983D2638549E006DFE48;
			remoteInfo = Classroom;
		};
		D2A9985B263854A1006DFE48 /* PBXContainerItemProxy */ = {
			isa = PBXContainerItemProxy;
			containerPortal = D2A998362638549E006DFE48 /* Project object */;
			proxyType = 1;
			remoteGlobalIDString = D2A9983D2638549E006DFE48;
			remoteInfo = Classroom;
		};
/* End PBXContainerItemProxy section */

/* Begin PBXFileReference section */
		D2A9983E2638549E006DFE48 /* Classroom.app */ = {isa = PBXFileReference; explicitFileType = wrapper.application; includeInIndex = 0; path = Classroom.app; sourceTree = BUILT_PRODUCTS_DIR; };
		D2A998412638549E006DFE48 /* ClassroomApp.swift */ = {isa = PBXFileReference; lastKnownFileType = sourcecode.swift; path = ClassroomApp.swift; sourceTree = "<group>"; };
		D2A998432638549E006DFE48 /* ContentView.swift */ = {isa = PBXFileReference; lastKnownFileType = sourcecode.swift; path = ContentView.swift; sourceTree = "<group>"; };
		D2A99845263854A1006DFE48 /* Assets.xcassets */ = {isa = PBXFileReference; lastKnownFileType = folder.assetcatalog; path = Assets.xcassets; sourceTree = "<group>"; };
		D2A99848263854A1006DFE48 /* Preview Assets.xcassets */ = {isa = PBXFileReference; lastKnownFileType = folder.assetcatalog; path = "Preview Assets.xcassets"; sourceTree = "<group>"; };
		D2A9984A263854A1006DFE48 /* Info.plist */ = {isa = PBXFileReference; lastKnownFileType = text.plist.xml; path = Info.plist; sourceTree = "<group>"; };
		D2A9984F263854A1006DFE48 /* ClassroomTests.xctest */ = {isa = PBXFileReference; explicitFileType = wrapper.cfbundle; includeInIndex = 0; path = ClassroomTests.xctest; sourceTree = BUILT_PRODUCTS_DIR; };
		D2A99853263854A1006DFE48 /* ClassroomTests.swift */ = {isa = PBXFileReference; lastKnownFileType = sourcecode.swift; path = ClassroomTests.swift; sourceTree = "<group>"; };
		D2A99855263854A1006DFE48 /* Info.plist */ = {isa = PBXFileReference; lastKnownFileType = text.plist.xml; path = Info.plist; sourceTree = "<group>"; };
		D2A9985A263854A1006DFE48 /* ClassroomUITests.xctest */ = {isa = PBXFileReference; explicitFileType = wrapper.cfbundle; includeInIndex = 0; path = ClassroomUITests.xctest; sourceTree = BUILT_PRODUCTS_DIR; };
		D2A9985E263854A1006DFE48 /* ClassroomUITests.swift */ = {isa = PBXFileReference; lastKnownFileType = sourcecode.swift; path = ClassroomUITests.swift; sourceTree = "<group>"; };
		D2A99860263854A1006DFE48 /* Info.plist */ = {isa = PBXFileReference; lastKnownFileType = text.plist.xml; path = Info.plist; sourceTree = "<group>"; };
/* End PBXFileReference section */

/* Begin PBXFrameworksBuildPhase section */
		D2A9983B2638549E006DFE48 /* Frameworks */ = {
			isa = PBXFrameworksBuildPhase;
			buildActionMask = 2147483647;
			files = (
			);
			runOnlyForDeploymentPostprocessing = 0;
		};
		D2A9984C263854A1006DFE48 /* Frameworks */ = {
			isa = PBXFrameworksBuildPhase;
			buildActionMask = 2147483647;
			files = (
			);
			runOnlyForDeploymentPostprocessing = 0;
		};
		D2A99857263854A1006DFE48 /* Frameworks */ = {
			isa = PBXFrameworksBuildPhase;
			buildActionMask = 2147483647;
			files = (
			);
			runOnlyForDeploymentPostprocessing = 0;
		};
/* End PBXFrameworksBuildPhase section */

/* Begin PBXGroup section */
		D2A998352638549E006DFE48 = {
			isa = PBXGroup;
			children = (
				D2A998402638549E006DFE48 /* Classroom */,
				D2A99852263854A1006DFE48 /* ClassroomTests */,
				D2A9985D263854A1006DFE48 /* ClassroomUITests */,
				D2A9983F2638549E006DFE48 /* Products */,
			);
			sourceTree = "<group>";
		};
		D2A9983F2638549E006DFE48 /* Products */ = {
			isa = PBXGroup;
			children = (
				D2A9983E2638549E006DFE48 /* Classroom.app */,
				D2A9984F263854A1006DFE48 /* ClassroomTests.xctest */,
				D2A9985A263854A1006DFE48 /* ClassroomUITests.xctest */,
			);
			name = Products;
			sourceTree = "<group>";
		};
		D2A998402638549E006DFE48 /* Classroom */ = {
			isa = PBXGroup;
			children = (
				D2A998412638549E006DFE48 /* ClassroomApp.swift */,
				D2A998432638549E006DFE48 /* ContentView.swift */,
				D2A99845263854A1006DFE48 /* Assets.xcassets */,
				D2A9984A263854A1006DFE48 /* Info.plist */,
				D2A99847263854A1006DFE48 /* Preview Content */,
			);
			path = Classroom;
			sourceTree = "<group>";
		};
		D2A99847263854A1006DFE48 /* Preview Content */ = {
			isa = PBXGroup;
			children = (
				D2A99848263854A1006DFE48 /* Preview Assets.xcassets */,
			);
			path = "Preview Content";
			sourceTree = "<group>";
		};
		D2A99852263854A1006DFE48 /* ClassroomTests */ = {
			isa = PBXGroup;
			children = (
				D2A99853263854A1006DFE48 /* ClassroomTests.swift */,
				D2A99855263854A1006DFE48 /* Info.plist */,
			);
			path = ClassroomTests;
			sourceTree = "<group>";
		};
		D2A9985D263854A1006DFE48 /* ClassroomUITests */ = {
			isa = PBXGroup;
			children = (
				D2A9985E263854A1006DFE48 /* ClassroomUITests.swift */,
				D2A99860263854A1006DFE48 /* Info.plist */,
			);
			path = ClassroomUITests;
			sourceTree = "<group>";
		};
/* End PBXGroup section */

/* Begin PBXNativeTarget section */
		D2A9983D2638549E006DFE48 /* Classroom */ = {
			isa = PBXNativeTarget;
			buildConfigurationList = D2A99863263854A1006DFE48 /* Build configuration list for PBXNativeTarget "Classroom" */;
			buildPhases = (
				D2A9983A2638549E006DFE48 /* Sources */,
				D2A9983B2638549E006DFE48 /* Frameworks */,
				D2A9983C2638549E006DFE48 /* Resources */,
			);
			buildRules = (
			);
			dependencies = (
			);
			name = Classroom;
			productName = Classroom;
			productReference = D2A9983E2638549E006DFE48 /* Classroom.app */;
			productType = "com.apple.product-type.application";
		};
		D2A9984E263854A1006DFE48 /* ClassroomTests */ = {
			isa = PBXNativeTarget;
			buildConfigurationList = D2A99866263854A1006DFE48 /* Build configuration list for PBXNativeTarget "ClassroomTests" */;
			buildPhases = (
				D2A9984B263854A1006DFE48 /* Sources */,
				D2A9984C263854A1006DFE48 /* Frameworks */,
				D2A9984D263854A1006DFE48 /* Resources */,
			);
			buildRules = (
			);
			dependencies = (
				D2A99851263854A1006DFE48 /* PBXTargetDependency */,
			);
			name = ClassroomTests;
			productName = ClassroomTests;
			productReference = D2A9984F263854A1006DFE48 /* ClassroomTests.xctest */;
			productType = "com.apple.product-type.bundle.unit-test";
		};
		D2A99859263854A1006DFE48 /* ClassroomUITests */ = {
			isa = PBXNativeTarget;
			buildConfigurationList = D2A99869263854A1006DFE48 /* Build configuration list for PBXNativeTarget "ClassroomUITests" */;
			buildPhases = (
				D2A99856263854A1006DFE48 /* Sources */,
				D2A99857263854A1006DFE48 /* Frameworks */,
				D2A99858263854A1006DFE48 /* Resources */,
			);
			buildRules = (
			);
			dependencies = (
				D2A9985C263854A1006DFE48 /* PBXTargetDependency */,
			);
			name = ClassroomUITests;
			productName = ClassroomUITests;
			productReference = D2A9985A263854A1006DFE48 /* ClassroomUITests.xctest */;
			productType = "com.apple.product-type.bundle.ui-testing";
		};
/* End PBXNativeTarget section */

/* Begin PBXProject section */
		D2A998362638549E006DFE48 /* Project object */ = {
			isa = PBXProject;
			attributes = {
				LastSwiftUpdateCheck = 1220;
				LastUpgradeCheck = 1220;
				TargetAttributes = {
					D2A9983D2638549E006DFE48 = {
						CreatedOnToolsVersion = 12.2;
					};
					D2A9984E263854A1006DFE48 = {
						CreatedOnToolsVersion = 12.2;
						TestTargetID = D2A9983D2638549E006DFE48;
					};
					D2A99859263854A1006DFE48 = {
						CreatedOnToolsVersion = 12.2;
						TestTargetID = D2A9983D2638549E006DFE48;
					};
				};
			};
			buildConfigurationList = D2A998392638549E006DFE48 /* Build configuration list for PBXProject "Classroom" */;
			compatibilityVersion = "Xcode 9.3";
			developmentRegion = en;
			hasScannedForEncodings = 0;
			knownRegions = (
				en,
				Base,
			);
			mainGroup = D2A998352638549E006DFE48;
			productRefGroup = D2A9983F2638549E006DFE48 /* Products */;
			projectDirPath = "";
			projectRoot = "";
			targets = (
				D2A9983D2638549E006DFE48 /* Classroom */,
				D2A9984E263854A1006DFE48 /* ClassroomTests */,
				D2A99859263854A1006DFE48 /* ClassroomUITests */,
			);
		};
/* End PBXProject section */

/* Begin PBXResourcesBuildPhase section */
		D2A9983C2638549E006DFE48 /* Resources */ = {
			isa = PBXResourcesBuildPhase;
			buildActionMask = 2147483647;
			files = (
				D2A99849263854A1006DFE48 /* Preview Assets.xcassets in Resources */,
				D2A99846263854A1006DFE48 /* Assets.xcassets in Resources */,
			);
			runOnlyForDeploymentPostprocessing = 0;
		};
		D2A9984D263854A1006DFE48 /* Resources */ = {
			isa = PBXResourcesBuildPhase;
			buildActionMask = 2147483647;
			files = (
			);
			runOnlyForDeploymentPostprocessing = 0;
		};
		D2A99858263854A1006DFE48 /* Resources */ = {
			isa = PBXResourcesBuildPhase;
			buildActionMask = 2147483647;
			files = (
			);
			runOnlyForDeploymentPostprocessing = 0;
		};
/* End PBXResourcesBuildPhase section */

/* Begin PBXSourcesBuildPhase section */
		D2A9983A2638549E006DFE48 /* Sources */ = {
			isa = PBXSourcesBuildPhase;
			buildActionMask = 2147483647;
			files = (
				D2A998442638549E006DFE48 /* ContentView.swift in Sources */,
				D2A998422638549E006DFE48 /* ClassroomApp.swift in Sources */,
			);
			runOnlyForDeploymentPostprocessing = 0;
		};
		D2A9984B263854A1006DFE48 /* Sources */ = {
			isa = PBXSourcesBuildPhase;
			buildActionMask = 2147483647;
			files = (
				D2A99854263854A1006DFE48 /* ClassroomTests.swift in Sources */,
			);
			runOnlyForDeploymentPostprocessing = 0;
		};
		D2A99856263854A1006DFE48 /* Sources */ = {
			isa = PBXSourcesBuildPhase;
			buildActionMask = 2147483647;
			files = (
				D2A9985F263854A1006DFE48 /* ClassroomUITests.swift in Sources */,
			);
			runOnlyForDeploymentPostprocessing = 0;
		};
/* End PBXSourcesBuildPhase section */

/* Begin PBXTargetDependency section */
		D2A99851263854A1006DFE48 /* PBXTargetDependency */ = {
			isa = PBXTargetDependency;
			target = D2A9983D2638549E006DFE48 /* Classroom */;
			targetProxy = D2A99850263854A1006DFE48 /* PBXContainerItemProxy */;
		};
		D2A9985C263854A1006DFE48 /* PBXTargetDependency */ = {
			isa = PBXTargetDependency;
			target = D2A9983D2638549E006DFE48 /* Classroom */;
			targetProxy = D2A9985B263854A1006DFE48 /* PBXContainerItemProxy */;
		};
/* End PBXTargetDependency section */

/* Begin XCBuildConfiguration section */
		D2A99861263854A1006DFE48 /* Debug */ = {
			isa = XCBuildConfiguration;
			buildSettings = {
				ALWAYS_SEARCH_USER_PATHS = NO;
				CLANG_ANALYZER_NONNULL = YES;
				CLANG_ANALYZER_NUMBER_OBJECT_CONVERSION = YES_AGGRESSIVE;
				CLANG_CXX_LANGUAGE_STANDARD = "gnu++14";
				CLANG_CXX_LIBRARY = "libc++";
				CLANG_ENABLE_MODULES = YES;
				CLANG_ENABLE_OBJC_ARC = YES;
				CLANG_ENABLE_OBJC_WEAK = YES;
				CLANG_WARN_BLOCK_CAPTURE_AUTORELEASING = YES;
				CLANG_WARN_BOOL_CONVERSION = YES;
				CLANG_WARN_COMMA = YES;
				CLANG_WARN_CONSTANT_CONVERSION = YES;
				CLANG_WARN_DEPRECATED_OBJC_IMPLEMENTATIONS = YES;
				CLANG_WARN_DIRECT_OBJC_ISA_USAGE = YES_ERROR;
				CLANG_WARN_DOCUMENTATION_COMMENTS = YES;
				CLANG_WARN_EMPTY_BODY = YES;
				CLANG_WARN_ENUM_CONVERSION = YES;
				CLANG_WARN_INFINITE_RECURSION = YES;
				CLANG_WARN_INT_CONVERSION = YES;
				CLANG_WARN_NON_LITERAL_NULL_CONVERSION = YES;
				CLANG_WARN_OBJC_IMPLICIT_RETAIN_SELF = YES;
				CLANG_WARN_OBJC_LITERAL_CONVERSION = YES;
				CLANG_WARN_OBJC_ROOT_CLASS = YES_ERROR;
				CLANG_WARN_QUOTED_INCLUDE_IN_FRAMEWORK_HEADER = YES;
				CLANG_WARN_RANGE_LOOP_ANALYSIS = YES;
				CLANG_WARN_STRICT_PROTOTYPES = YES;
				CLANG_WARN_SUSPICIOUS_MOVE = YES;
				CLANG_WARN_UNGUARDED_AVAILABILITY = YES_AGGRESSIVE;
				CLANG_WARN_UNREACHABLE_CODE = YES;
				CLANG_WARN__DUPLICATE_METHOD_MATCH = YES;
				COPY_PHASE_STRIP = NO;
				DEBUG_INFORMATION_FORMAT = dwarf;
				ENABLE_STRICT_OBJC_MSGSEND = YES;
				ENABLE_TESTABILITY = YES;
				GCC_C_LANGUAGE_STANDARD = gnu11;
				GCC_DYNAMIC_NO_PIC = NO;
				GCC_NO_COMMON_BLOCKS = YES;
				GCC_OPTIMIZATION_LEVEL = 0;
				GCC_PREPROCESSOR_DEFINITIONS = (
					"DEBUG=1",
					"$(inherited)",
				);
				GCC_WARN_64_TO_32_BIT_CONVERSION = YES;
				GCC_WARN_ABOUT_RETURN_TYPE = YES_ERROR;
				GCC_WARN_UNDECLARED_SELECTOR = YES;
				GCC_WARN_UNINITIALIZED_AUTOS = YES_AGGRESSIVE;
				GCC_WARN_UNUSED_FUNCTION = YES;
				GCC_WARN_UNUSED_VARIABLE = YES;
				IPHONEOS_DEPLOYMENT_TARGET = 14.2;
				MTL_ENABLE_DEBUG_INFO = INCLUDE_SOURCE;
				MTL_FAST_MATH = YES;
				ONLY_ACTIVE_ARCH = YES;
				SDKROOT = iphoneos;
				SWIFT_ACTIVE_COMPILATION_CONDITIONS = DEBUG;
				SWIFT_OPTIMIZATION_LEVEL = "-Onone";
			};
			name = Debug;
		};
		D2A99862263854A1006DFE48 /* Release */ = {
			isa = XCBuildConfiguration;
			buildSettings = {
				ALWAYS_SEARCH_USER_PATHS = NO;
				CLANG_ANALYZER_NONNULL = YES;
				CLANG_ANALYZER_NUMBER_OBJECT_CONVERSION = YES_AGGRESSIVE;
				CLANG_CXX_LANGUAGE_STANDARD = "gnu++14";
				CLANG_CXX_LIBRARY = "libc++";
				CLANG_ENABLE_MODULES = YES;
				CLANG_ENABLE_OBJC_ARC = YES;
				CLANG_ENABLE_OBJC_WEAK = YES;
				CLANG_WARN_BLOCK_CAPTURE_AUTORELEASING = YES;
				CLANG_WARN_BOOL_CONVERSION = YES;
				CLANG_WARN_COMMA = YES;
				CLANG_WARN_CONSTANT_CONVERSION = YES;
				CLANG_WARN_DEPRECATED_OBJC_IMPLEMENTATIONS = YES;
				CLANG_WARN_DIRECT_OBJC_ISA_USAGE = YES_ERROR;
				CLANG_WARN_DOCUMENTATION_COMMENTS = YES;
				CLANG_WARN_EMPTY_BODY = YES;
				CLANG_WARN_ENUM_CONVERSION = YES;
				CLANG_WARN_INFINITE_RECURSION = YES;
				CLANG_WARN_INT_CONVERSION = YES;
				CLANG_WARN_NON_LITERAL_NULL_CONVERSION = YES;
				CLANG_WARN_OBJC_IMPLICIT_RETAIN_SELF = YES;
				CLANG_WARN_OBJC_LITERAL_CONVERSION = YES;
				CLANG_WARN_OBJC_ROOT_CLASS = YES_ERROR;
				CLANG_WARN_QUOTED_INCLUDE_IN_FRAMEWORK_HEADER = YES;
				CLANG_WARN_RANGE_LOOP_ANALYSIS = YES;
				CLANG_WARN_STRICT_PROTOTYPES = YES;
				CLANG_WARN_SUSPICIOUS_MOVE = YES;
				CLANG_WARN_UNGUARDED_AVAILABILITY = YES_AGGRESSIVE;
				CLANG_WARN_UNREACHABLE_CODE = YES;
				CLANG_WARN__DUPLICATE_METHOD_MATCH = YES;
				COPY_PHASE_STRIP = NO;
				DEBUG_INFORMATION_FORMAT = "dwarf-with-dsym";
				ENABLE_NS_ASSERTIONS = NO;
				ENABLE_STRICT_OBJC_MSGSEND = YES;
				GCC_C_LANGUAGE_STANDARD = gnu11;
				GCC_NO_COMMON_BLOCKS = YES;
				GCC_WARN_64_TO_32_BIT_CONVERSION = YES;
				GCC_WARN_ABOUT_RETURN_TYPE = YES_ERROR;
				GCC_WARN_UNDECLARED_SELECTOR = YES;
				GCC_WARN_UNINITIALIZED_AUTOS = YES_AGGRESSIVE;
				GCC_WARN_UNUSED_FUNCTION = YES;
				GCC_WARN_UNUSED_VARIABLE = YES;
				IPHONEOS_DEPLOYMENT_TARGET = 14.2;
				MTL_ENABLE_DEBUG_INFO = NO;
				MTL_FAST_MATH = YES;
				SDKROOT = iphoneos;
				SWIFT_COMPILATION_MODE = wholemodule;
				SWIFT_OPTIMIZATION_LEVEL = "-O";
				VALIDATE_PRODUCT = YES;
			};
			name = Release;
		};
		D2A99864263854A1006DFE48 /* Debug */ = {
			isa = XCBuildConfiguration;
			buildSettings = {
				ASSETCATALOG_COMPILER_APPICON_NAME = AppIcon;
				ASSETCATALOG_COMPILER_GLOBAL_ACCENT_COLOR_NAME = AccentColor;
				CODE_SIGN_STYLE = Automatic;
				DEVELOPMENT_ASSET_PATHS = "\"Classroom/Preview Content\"";
				ENABLE_PREVIEWS = YES;
				INFOPLIST_FILE = Classroom/Info.plist;
				IPHONEOS_DEPLOYMENT_TARGET = 14.0;
				LD_RUNPATH_SEARCH_PATHS = (
					"$(inherited)",
					"@executable_path/Frameworks",
				);
				PRODUCT_BUNDLE_IDENTIFIER = cybucket.Classroom;
				PRODUCT_NAME = "$(TARGET_NAME)";
				SWIFT_VERSION = 5.0;
				TARGETED_DEVICE_FAMILY = "1,2";
			};
			name = Debug;
		};
		D2A99865263854A1006DFE48 /* Release */ = {
			isa = XCBuildConfiguration;
			buildSettings = {
				ASSETCATALOG_COMPILER_APPICON_NAME = AppIcon;
				ASSETCATALOG_COMPILER_GLOBAL_ACCENT_COLOR_NAME = AccentColor;
				CODE_SIGN_STYLE = Automatic;
				DEVELOPMENT_ASSET_PATHS = "\"Classroom/Preview Content\"";
				ENABLE_PREVIEWS = YES;
				INFOPLIST_FILE = Classroom/Info.plist;
				IPHONEOS_DEPLOYMENT_TARGET = 14.0;
				LD_RUNPATH_SEARCH_PATHS = (
					"$(inherited)",
					"@executable_path/Frameworks",
				);
				PRODUCT_BUNDLE_IDENTIFIER = cybucket.Classroom;
				PRODUCT_NAME = "$(TARGET_NAME)";
				SWIFT_VERSION = 5.0;
				TARGETED_DEVICE_FAMILY = "1,2";
			};
			name = Release;
		};
		D2A99867263854A1006DFE48 /* Debug */ = {
			isa = XCBuildConfiguration;
			buildSettings = {
				ALWAYS_EMBED_SWIFT_STANDARD_LIBRARIES = YES;
				BUNDLE_LOADER = "$(TEST_HOST)";
				CODE_SIGN_STYLE = Automatic;
				INFOPLIST_FILE = ClassroomTests/Info.plist;
				IPHONEOS_DEPLOYMENT_TARGET = 14.0;
				LD_RUNPATH_SEARCH_PATHS = (
					"$(inherited)",
					"@executable_path/Frameworks",
					"@loader_path/Frameworks",
				);
				PRODUCT_BUNDLE_IDENTIFIER = cybucket.ClassroomTests;
				PRODUCT_NAME = "$(TARGET_NAME)";
				SWIFT_VERSION = 5.0;
				TARGETED_DEVICE_FAMILY = "1,2";
				TEST_HOST = "$(BUILT_PRODUCTS_DIR)/Classroom.app/Classroom";
			};
			name = Debug;
		};
		D2A99868263854A1006DFE48 /* Release */ = {
			isa = XCBuildConfiguration;
			buildSettings = {
				ALWAYS_EMBED_SWIFT_STANDARD_LIBRARIES = YES;
				BUNDLE_LOADER = "$(TEST_HOST)";
				CODE_SIGN_STYLE = Automatic;
				INFOPLIST_FILE = ClassroomTests/Info.plist;
				IPHONEOS_DEPLOYMENT_TARGET = 14.0;
				LD_RUNPATH_SEARCH_PATHS = (
					"$(inherited)",
					"@executable_path/Frameworks",
					"@loader_path/Frameworks",
				);
				PRODUCT_BUNDLE_IDENTIFIER = cybucket.ClassroomTests;
				PRODUCT_NAME = "$(TARGET_NAME)";
				SWIFT_VERSION = 5.0;
				TARGETED_DEVICE_FAMILY = "1,2";
				TEST_HOST = "$(BUILT_PRODUCTS_DIR)/Classroom.app/Classroom";
			};
			name = Release;
		};
		D2A9986A263854A1006DFE48 /* Debug */ = {
			isa = XCBuildConfiguration;
			buildSettings = {
				ALWAYS_EMBED_SWIFT_STANDARD_LIBRARIES = YES;
				CODE_SIGN_STYLE = Automatic;
				INFOPLIST_FILE = ClassroomUITests/Info.plist;
				LD_RUNPATH_SEARCH_PATHS = (
					"$(inherited)",
					"@executable_path/Frameworks",
					"@loader_path/Frameworks",
				);
				PRODUCT_BUNDLE_IDENTIFIER = cybucket.ClassroomUITests;
				PRODUCT_NAME = "$(TARGET_NAME)";
				SWIFT_VERSION = 5.0;
				TARGETED_DEVICE_FAMILY = "1,2";
				TEST_TARGET_NAME = Classroom;
			};
			name = Debug;
		};
		D2A9986B263854A1006DFE48 /* Release */ = {
			isa = XCBuildConfiguration;
			buildSettings = {
				ALWAYS_EMBED_SWIFT_STANDARD_LIBRARIES = YES;
				CODE_SIGN_STYLE = Automatic;
				INFOPLIST_FILE = ClassroomUITests/Info.plist;
				LD_RUNPATH_SEARCH_PATHS = (
					"$(inherited)",
					"@executable_path/Frameworks",
					"@loader_path/Frameworks",
				);
				PRODUCT_BUNDLE_IDENTIFIER = cybucket.ClassroomUITests;
				PRODUCT_NAME = "$(TARGET_NAME)";
				SWIFT_VERSION = 5.0;
				TARGETED_DEVICE_FAMILY = "1,2";
				TEST_TARGET_NAME = Classroom;
			};
			name = Release;
		};
/* End XCBuildConfiguration section */

/* Begin XCConfigurationList section */
		D2A998392638549E006DFE48 /* Build configuration list for PBXProject "Classroom" */ = {
			isa = XCConfigurationList;
			buildConfigurations = (
				D2A99861263854A1006DFE48 /* Debug */,
				D2A99862263854A1006DFE48 /* Release */,
			);
			defaultConfigurationIsVisible = 0;
			defaultConfigurationName = Release;
		};
		D2A99863263854A1006DFE48 /* Build configuration list for PBXNativeTarget "Classroom" */ = {
			isa = XCConfigurationList;
			buildConfigurations = (
				D2A99864263854A1006DFE48 /* Debug */,
				D2A99865263854A1006DFE48 /* Release */,
			);
			defaultConfigurationIsVisible = 0;
			defaultConfigurationName = Release;
		};
		D2A99866263854A1006DFE48 /* Build configuration list for PBXNativeTarget "ClassroomTests" */ = {
			isa = XCConfigurationList;
			buildConfigurations = (
				D2A99867263854A1006DFE48 /* Debug */,
				D2A99868263854A1006DFE48 /* Release */,
			);
			defaultConfigurationIsVisible = 0;
			defaultConfigurationName = Release;
		};
		D2A99869263854A1006DFE48 /* Build configuration list for PBXNativeTarget "ClassroomUITests" */ = {
			isa = XCConfigurationList;
			buildConfigurations = (
				D2A9986A263854A1006DFE48 /* Debug */,
				D2A9986B263854A1006DFE48 /* Release */,
			);
			defaultConfigurationIsVisible = 0;
			defaultConfigurationName = Release;
		};
/* End XCConfigurationList section */
	};
	rootObject = D2A998362638549E006DFE48 /* Project object */;
}
